
Microsoft Visual Studio Solution File, Format Version 12.00
# Visual Studio Express 2012 for Windows Desktop
Project("{FAE04EC0-301F-11D3-BF4B-00C04F79EFBC}") = "The Quest 1.0", "The Quest 1.0\The Quest 1.0.csproj", "{C5E1295A-7CC8-4738-ABBD-10D950ABDBBC}"
EndProject
Global
	GlobalSection(SolutionConfigurationPlatforms) = preSolution
		Debug|Any CPU = Debug|Any CPU
		Release|Any CPU = Release|Any CPU
	EndGlobalSection
	GlobalSection(ProjectConfigurationPlatforms) = postSolution
		{C5E1295A-7CC8-4738-ABBD-10D950ABDBBC}.Debug|Any CPU.ActiveCfg = Debug|Any CPU
		{C5E1295A-7CC8-4738-ABBD-10D950ABDBBC}.Debug|Any CPU.Build.0 = Debug|Any CPU
		{C5E1295A-7CC8-4738-ABBD-10D950ABDBBC}.Release|Any CPU.ActiveCfg = Release|Any CPU
		{C5E1295A-7CC8-4738-ABBD-10D950ABDBBC}.Release|Any CPU.Build.0 = Release|Any CPU
	EndGlobalSection
	GlobalSection(SolutionProperties) = preSolution
		HideSolutionNode = FALSE
	EndGlobalSection
EndGlobal
